
Microsoft Visual Studio Solution File, Format Version 12.00
# Visual Studio 15
VisualStudioVersion = 15.0.27428.2037
MinimumVisualStudioVersion = 10.0.40219.1
Project("{FAE04EC0-301F-11D3-BF4B-00C04F79EFBC}") = "LSTM_Spike", "LSTM_Spike.csproj", "{A0B57AFD-A6F9-48BE-A0E3-05B51A1F6867}"
EndProject
Project("{FAE04EC0-301F-11D3-BF4B-00C04F79EFBC}") = "LSTM_UML", "..\LSTM_UML\LSTM_UML.csproj", "{DC342BD9-0C74-4028-AA2F-322BD465B486}"
EndProject
Project("{FAE04EC0-301F-11D3-BF4B-00C04F79EFBC}") = "LSTM_UML.Tests", "LSTM_UML.Tests\LSTM_UML.Tests.csproj", "{BC633A97-EFC8-4FD0-B038-7D9AD635941F}"
EndProject
Global
	GlobalSection(SolutionConfigurationPlatforms) = preSolution
		Debug|Any CPU = Debug|Any CPU
		Release|Any CPU = Release|Any CPU
	EndGlobalSection
	GlobalSection(ProjectConfigurationPlatforms) = postSolution
		{A0B57AFD-A6F9-48BE-A0E3-05B51A1F6867}.Debug|Any CPU.ActiveCfg = Debug|Any CPU
		{A0B57AFD-A6F9-48BE-A0E3-05B51A1F6867}.Debug|Any CPU.Build.0 = Debug|Any CPU
		{A0B57AFD-A6F9-48BE-A0E3-05B51A1F6867}.Release|Any CPU.ActiveCfg = Release|Any CPU
		{A0B57AFD-A6F9-48BE-A0E3-05B51A1F6867}.Release|Any CPU.Build.0 = Release|Any CPU
		{DC342BD9-0C74-4028-AA2F-322BD465B486}.Debug|Any CPU.ActiveCfg = Debug|Any CPU
		{DC342BD9-0C74-4028-AA2F-322BD465B486}.Debug|Any CPU.Build.0 = Debug|Any CPU
		{DC342BD9-0C74-4028-AA2F-322BD465B486}.Release|Any CPU.ActiveCfg = Release|Any CPU
		{DC342BD9-0C74-4028-AA2F-322BD465B486}.Release|Any CPU.Build.0 = Release|Any CPU
		{BC633A97-EFC8-4FD0-B038-7D9AD635941F}.Debug|Any CPU.ActiveCfg = Debug|Any CPU
		{BC633A97-EFC8-4FD0-B038-7D9AD635941F}.Debug|Any CPU.Build.0 = Debug|Any CPU
		{BC633A97-EFC8-4FD0-B038-7D9AD635941F}.Release|Any CPU.ActiveCfg = Release|Any CPU
		{BC633A97-EFC8-4FD0-B038-7D9AD635941F}.Release|Any CPU.Build.0 = Release|Any CPU
	EndGlobalSection
	GlobalSection(SolutionProperties) = preSolution
		HideSolutionNode = FALSE
	EndGlobalSection
	GlobalSection(ExtensibilityGlobals) = postSolution
		SolutionGuid = {B162E281-4F53-4A8D-A7A8-1AF8B858DB6D}
	EndGlobalSection
EndGlobal
